
Microsoft Visual Studio Solution File, Format Version 12.00
Project("{FAE04EC0-301F-11D3-BF4B-00C04F79EFBC}") = "TwoAndTwo2", "TwoAndTwo2\TwoAndTwo2.csproj", "{EBECC9B6-7F2B-44CD-AFBB-4EC71FB6AD57}"
EndProject
Project("{FAE04EC0-301F-11D3-BF4B-00C04F79EFBC}") = "TwoAndTwo1", "TwoAndTwo1\TwoAndTwo1.csproj", "{F0D328B7-D706-4B3F-A459-36B54B4F888B}"
EndProject
Project("{FAE04EC0-301F-11D3-BF4B-00C04F79EFBC}") = "TwoAndTwo3", "TwoAndTwo3\TwoAndTwo3.csproj", "{C1C2761C-2700-4B04-8CCA-2801063C42FB}"
EndProject
Project("{FAE04EC0-301F-11D3-BF4B-00C04F79EFBC}") = "TwoAndTwo4", "TwoAndTwo4\TwoAndTwo4.csproj", "{2A6A04E4-85AD-4ADE-9C2F-127FD1B6FA1D}"
EndProject
Project("{FAE04EC0-301F-11D3-BF4B-00C04F79EFBC}") = "TwoAndTwo5", "TwoAndTwo5\TwoAndTwo5.csproj", "{B7901455-93BF-46F9-80EE-600459A5B8CE}"
EndProject
Project("{FAE04EC0-301F-11D3-BF4B-00C04F79EFBC}") = "TwoAndThree1", "TwoAndThree1\TwoAndThree1.csproj", "{1FEA3986-0230-4C93-A037-8A614FCDEA77}"
EndProject
Project("{FAE04EC0-301F-11D3-BF4B-00C04F79EFBC}") = "TwoAndThree2", "TwoAndThree2\TwoAndThree2.csproj", "{0FF0168D-6AC8-4727-B773-73B57886CD02}"
EndProject
Project("{FAE04EC0-301F-11D3-BF4B-00C04F79EFBC}") = "TwoAndThree3", "TwoAndThree3\TwoAndThree3.csproj", "{B9B661C6-1470-4370-A7F3-336229582732}"
EndProject
Project("{FAE04EC0-301F-11D3-BF4B-00C04F79EFBC}") = "TwoAndOne1", "TwoAndOne1\TwoAndOne1.csproj", "{D475BB94-6E48-4E6C-A0DF-78A8C6002A6E}"
EndProject
Project("{2150E333-8FDC-42A3-9474-1A3956D46DE8}") = "Zadanie2.1", "Zadanie2.1", "{90540552-B26C-4CE5-8EAD-95D1F22088AE}"
EndProject
Project("{2150E333-8FDC-42A3-9474-1A3956D46DE8}") = "Zadanie2.2", "Zadanie2.2", "{4B9A4A4A-3032-4C51-9832-B39C7CEF4DC1}"
EndProject
Project("{2150E333-8FDC-42A3-9474-1A3956D46DE8}") = "Zadanie2.3", "Zadanie2.3", "{5C00973D-23C3-4464-A3CF-E1345B3BAAE6}"
EndProject
Project("{FAE04EC0-301F-11D3-BF4B-00C04F79EFBC}") = "TwoAndOne2", "TwoAndOne2\TwoAndOne2.csproj", "{64B6DFEB-9858-4ABD-B46B-A86121D8536B}"
EndProject
Project("{FAE04EC0-301F-11D3-BF4B-00C04F79EFBC}") = "TwoAndOne3", "TwoAndOne3\TwoAndOne3.csproj", "{17CC311D-3ECA-4A74-A71D-1D6209167B0F}"
EndProject
Project("{2150E333-8FDC-42A3-9474-1A3956D46DE8}") = "Zadanie2.4", "Zadanie2.4", "{7D422EE0-7741-4500-8CAA-CAF9838B19FB}"
EndProject
Project("{FAE04EC0-301F-11D3-BF4B-00C04F79EFBC}") = "TwoAndFour", "TwoAndFour\TwoAndFour.csproj", "{B9C108B7-1962-4D15-B6D9-0FA3113D1A19}"
EndProject
Project("{2150E333-8FDC-42A3-9474-1A3956D46DE8}") = "Zadanie2.5", "Zadanie2.5", "{C0B8DBF1-6456-4BCE-A1B7-47D0A49152E4}"
EndProject
Project("{FAE04EC0-301F-11D3-BF4B-00C04F79EFBC}") = "GarageConsoleApp", "GarageConsoleApp\GarageConsoleApp.csproj", "{584E639E-9002-4432-BA5B-B6936B8372A2}"
EndProject
Global
	GlobalSection(SolutionConfigurationPlatforms) = preSolution
		Debug|Any CPU = Debug|Any CPU
		Release|Any CPU = Release|Any CPU
	EndGlobalSection
	GlobalSection(ProjectConfigurationPlatforms) = postSolution
		{EBECC9B6-7F2B-44CD-AFBB-4EC71FB6AD57}.Debug|Any CPU.ActiveCfg = Debug|Any CPU
		{EBECC9B6-7F2B-44CD-AFBB-4EC71FB6AD57}.Debug|Any CPU.Build.0 = Debug|Any CPU
		{EBECC9B6-7F2B-44CD-AFBB-4EC71FB6AD57}.Release|Any CPU.ActiveCfg = Release|Any CPU
		{EBECC9B6-7F2B-44CD-AFBB-4EC71FB6AD57}.Release|Any CPU.Build.0 = Release|Any CPU
		{F0D328B7-D706-4B3F-A459-36B54B4F888B}.Debug|Any CPU.ActiveCfg = Debug|Any CPU
		{F0D328B7-D706-4B3F-A459-36B54B4F888B}.Debug|Any CPU.Build.0 = Debug|Any CPU
		{F0D328B7-D706-4B3F-A459-36B54B4F888B}.Release|Any CPU.ActiveCfg = Release|Any CPU
		{F0D328B7-D706-4B3F-A459-36B54B4F888B}.Release|Any CPU.Build.0 = Release|Any CPU
		{C1C2761C-2700-4B04-8CCA-2801063C42FB}.Debug|Any CPU.ActiveCfg = Debug|Any CPU
		{C1C2761C-2700-4B04-8CCA-2801063C42FB}.Debug|Any CPU.Build.0 = Debug|Any CPU
		{C1C2761C-2700-4B04-8CCA-2801063C42FB}.Release|Any CPU.ActiveCfg = Release|Any CPU
		{C1C2761C-2700-4B04-8CCA-2801063C42FB}.Release|Any CPU.Build.0 = Release|Any CPU
		{2A6A04E4-85AD-4ADE-9C2F-127FD1B6FA1D}.Debug|Any CPU.ActiveCfg = Debug|Any CPU
		{2A6A04E4-85AD-4ADE-9C2F-127FD1B6FA1D}.Debug|Any CPU.Build.0 = Debug|Any CPU
		{2A6A04E4-85AD-4ADE-9C2F-127FD1B6FA1D}.Release|Any CPU.ActiveCfg = Release|Any CPU
		{2A6A04E4-85AD-4ADE-9C2F-127FD1B6FA1D}.Release|Any CPU.Build.0 = Release|Any CPU
		{B7901455-93BF-46F9-80EE-600459A5B8CE}.Debug|Any CPU.ActiveCfg = Debug|Any CPU
		{B7901455-93BF-46F9-80EE-600459A5B8CE}.Debug|Any CPU.Build.0 = Debug|Any CPU
		{B7901455-93BF-46F9-80EE-600459A5B8CE}.Release|Any CPU.ActiveCfg = Release|Any CPU
		{B7901455-93BF-46F9-80EE-600459A5B8CE}.Release|Any CPU.Build.0 = Release|Any CPU
		{1FEA3986-0230-4C93-A037-8A614FCDEA77}.Debug|Any CPU.ActiveCfg = Debug|Any CPU
		{1FEA3986-0230-4C93-A037-8A614FCDEA77}.Debug|Any CPU.Build.0 = Debug|Any CPU
		{1FEA3986-0230-4C93-A037-8A614FCDEA77}.Release|Any CPU.ActiveCfg = Release|Any CPU
		{1FEA3986-0230-4C93-A037-8A614FCDEA77}.Release|Any CPU.Build.0 = Release|Any CPU
		{0FF0168D-6AC8-4727-B773-73B57886CD02}.Debug|Any CPU.ActiveCfg = Debug|Any CPU
		{0FF0168D-6AC8-4727-B773-73B57886CD02}.Debug|Any CPU.Build.0 = Debug|Any CPU
		{0FF0168D-6AC8-4727-B773-73B57886CD02}.Release|Any CPU.ActiveCfg = Release|Any CPU
		{0FF0168D-6AC8-4727-B773-73B57886CD02}.Release|Any CPU.Build.0 = Release|Any CPU
		{B9B661C6-1470-4370-A7F3-336229582732}.Debug|Any CPU.ActiveCfg = Debug|Any CPU
		{B9B661C6-1470-4370-A7F3-336229582732}.Debug|Any CPU.Build.0 = Debug|Any CPU
		{B9B661C6-1470-4370-A7F3-336229582732}.Release|Any CPU.ActiveCfg = Release|Any CPU
		{B9B661C6-1470-4370-A7F3-336229582732}.Release|Any CPU.Build.0 = Release|Any CPU
		{D475BB94-6E48-4E6C-A0DF-78A8C6002A6E}.Debug|Any CPU.ActiveCfg = Debug|Any CPU
		{D475BB94-6E48-4E6C-A0DF-78A8C6002A6E}.Debug|Any CPU.Build.0 = Debug|Any CPU
		{D475BB94-6E48-4E6C-A0DF-78A8C6002A6E}.Release|Any CPU.ActiveCfg = Release|Any CPU
		{D475BB94-6E48-4E6C-A0DF-78A8C6002A6E}.Release|Any CPU.Build.0 = Release|Any CPU
		{64B6DFEB-9858-4ABD-B46B-A86121D8536B}.Debug|Any CPU.ActiveCfg = Debug|Any CPU
		{64B6DFEB-9858-4ABD-B46B-A86121D8536B}.Debug|Any CPU.Build.0 = Debug|Any CPU
		{64B6DFEB-9858-4ABD-B46B-A86121D8536B}.Release|Any CPU.ActiveCfg = Release|Any CPU
		{64B6DFEB-9858-4ABD-B46B-A86121D8536B}.Release|Any CPU.Build.0 = Release|Any CPU
		{17CC311D-3ECA-4A74-A71D-1D6209167B0F}.Debug|Any CPU.ActiveCfg = Debug|Any CPU
		{17CC311D-3ECA-4A74-A71D-1D6209167B0F}.Debug|Any CPU.Build.0 = Debug|Any CPU
		{17CC311D-3ECA-4A74-A71D-1D6209167B0F}.Release|Any CPU.ActiveCfg = Release|Any CPU
		{17CC311D-3ECA-4A74-A71D-1D6209167B0F}.Release|Any CPU.Build.0 = Release|Any CPU
		{B9C108B7-1962-4D15-B6D9-0FA3113D1A19}.Debug|Any CPU.ActiveCfg = Debug|Any CPU
		{B9C108B7-1962-4D15-B6D9-0FA3113D1A19}.Debug|Any CPU.Build.0 = Debug|Any CPU
		{B9C108B7-1962-4D15-B6D9-0FA3113D1A19}.Release|Any CPU.ActiveCfg = Release|Any CPU
		{B9C108B7-1962-4D15-B6D9-0FA3113D1A19}.Release|Any CPU.Build.0 = Release|Any CPU
		{584E639E-9002-4432-BA5B-B6936B8372A2}.Debug|Any CPU.ActiveCfg = Debug|Any CPU
		{584E639E-9002-4432-BA5B-B6936B8372A2}.Debug|Any CPU.Build.0 = Debug|Any CPU
		{584E639E-9002-4432-BA5B-B6936B8372A2}.Release|Any CPU.ActiveCfg = Release|Any CPU
		{584E639E-9002-4432-BA5B-B6936B8372A2}.Release|Any CPU.Build.0 = Release|Any CPU
	EndGlobalSection
	GlobalSection(NestedProjects) = preSolution
		{D475BB94-6E48-4E6C-A0DF-78A8C6002A6E} = {90540552-B26C-4CE5-8EAD-95D1F22088AE}
		{F0D328B7-D706-4B3F-A459-36B54B4F888B} = {4B9A4A4A-3032-4C51-9832-B39C7CEF4DC1}
		{EBECC9B6-7F2B-44CD-AFBB-4EC71FB6AD57} = {4B9A4A4A-3032-4C51-9832-B39C7CEF4DC1}
		{C1C2761C-2700-4B04-8CCA-2801063C42FB} = {4B9A4A4A-3032-4C51-9832-B39C7CEF4DC1}
		{2A6A04E4-85AD-4ADE-9C2F-127FD1B6FA1D} = {4B9A4A4A-3032-4C51-9832-B39C7CEF4DC1}
		{B7901455-93BF-46F9-80EE-600459A5B8CE} = {4B9A4A4A-3032-4C51-9832-B39C7CEF4DC1}
		{1FEA3986-0230-4C93-A037-8A614FCDEA77} = {5C00973D-23C3-4464-A3CF-E1345B3BAAE6}
		{0FF0168D-6AC8-4727-B773-73B57886CD02} = {5C00973D-23C3-4464-A3CF-E1345B3BAAE6}
		{B9B661C6-1470-4370-A7F3-336229582732} = {5C00973D-23C3-4464-A3CF-E1345B3BAAE6}
		{64B6DFEB-9858-4ABD-B46B-A86121D8536B} = {90540552-B26C-4CE5-8EAD-95D1F22088AE}
		{17CC311D-3ECA-4A74-A71D-1D6209167B0F} = {90540552-B26C-4CE5-8EAD-95D1F22088AE}
		{B9C108B7-1962-4D15-B6D9-0FA3113D1A19} = {7D422EE0-7741-4500-8CAA-CAF9838B19FB}
		{584E639E-9002-4432-BA5B-B6936B8372A2} = {C0B8DBF1-6456-4BCE-A1B7-47D0A49152E4}
	EndGlobalSection
EndGlobal
